
Microsoft Visual Studio Solution File, Format Version 12.00
# Visual Studio 15
VisualStudioVersion = 15.0.28307.136
MinimumVisualStudioVersion = 10.0.40219.1
Project("{FAE04EC0-301F-11D3-BF4B-00C04F79EFBC}") = "RetailSite.Products.Api", "RetailSite.Products.Api\RetailSite.Products.Api.csproj", "{5C270A2A-FAA0-4560-BDB9-799FBBCA36B5}"
EndProject
Project("{9A19103F-16F7-4668-BE54-9A1E7A4F7556}") = "RetailSite.Products.Images.Api", "RetailSite.Products.Images.Api\RetailSite.Products.Images.Api.csproj", "{71D0D131-D74C-4D5A-9BF6-963D5090BC6D}"
EndProject
Global
	GlobalSection(SolutionConfigurationPlatforms) = preSolution
		Debug|Any CPU = Debug|Any CPU
		Release|Any CPU = Release|Any CPU
	EndGlobalSection
	GlobalSection(ProjectConfigurationPlatforms) = postSolution
		{5C270A2A-FAA0-4560-BDB9-799FBBCA36B5}.Debug|Any CPU.ActiveCfg = Debug|Any CPU
		{5C270A2A-FAA0-4560-BDB9-799FBBCA36B5}.Debug|Any CPU.Build.0 = Debug|Any CPU
		{5C270A2A-FAA0-4560-BDB9-799FBBCA36B5}.Release|Any CPU.ActiveCfg = Release|Any CPU
		{5C270A2A-FAA0-4560-BDB9-799FBBCA36B5}.Release|Any CPU.Build.0 = Release|Any CPU
		{71D0D131-D74C-4D5A-9BF6-963D5090BC6D}.Debug|Any CPU.ActiveCfg = Debug|Any CPU
		{71D0D131-D74C-4D5A-9BF6-963D5090BC6D}.Debug|Any CPU.Build.0 = Debug|Any CPU
		{71D0D131-D74C-4D5A-9BF6-963D5090BC6D}.Release|Any CPU.ActiveCfg = Release|Any CPU
		{71D0D131-D74C-4D5A-9BF6-963D5090BC6D}.Release|Any CPU.Build.0 = Release|Any CPU
	EndGlobalSection
	GlobalSection(SolutionProperties) = preSolution
		HideSolutionNode = FALSE
	EndGlobalSection
	GlobalSection(ExtensibilityGlobals) = postSolution
		SolutionGuid = {045CFBE5-D6EF-4C7C-9A2C-49E1630FFB80}
	EndGlobalSection
EndGlobal
